---
mruby:
  version: 4.0.0
  release_no: 40000
  git_commit: 66ae173b3645a99df8a94ead8746e77fbefd4d9d
builds:
  pledge:
    https://github.com/0x1eef/mruby-hardened-pledge.git:
      url: https://github.com/0x1eef/mruby-hardened-pledge.git
      branch: master
      commit: 0073402a3b9d1ccddab475c361e7344464fffee2
      version: 0.0.0
